
Microsoft Visual Studio Solution File, Format Version 12.00
# Visual Studio Version 17
VisualStudioVersion = 17.11.35303.130
MinimumVisualStudioVersion = 10.0.40219.1
Project("{8BC9CEB8-8B4A-11D0-8D11-00A0C91BC942}") = "TicTacToe C Programming", "TicTacToe C Programming.vcxproj", "{F8752E97-C26B-4949-9EC2-4372BED5FAF2}"
EndProject
Global
	GlobalSection(SolutionConfigurationPlatforms) = preSolution
		Debug|x64 = Debug|x64
		Debug|x86 = Debug|x86
		Release|x64 = Release|x64
		Release|x86 = Release|x86
	EndGlobalSection
	GlobalSection(ProjectConfigurationPlatforms) = postSolution
		{F8752E97-C26B-4949-9EC2-4372BED5FAF2}.Debug|x64.ActiveCfg = Debug|x64
		{F8752E97-C26B-4949-9EC2-4372BED5FAF2}.Debug|x64.Build.0 = Debug|x64
		{F8752E97-C26B-4949-9EC2-4372BED5FAF2}.Debug|x86.ActiveCfg = Debug|Win32
		{F8752E97-C26B-4949-9EC2-4372BED5FAF2}.Debug|x86.Build.0 = Debug|Win32
		{F8752E97-C26B-4949-9EC2-4372BED5FAF2}.Release|x64.ActiveCfg = Release|x64
		{F8752E97-C26B-4949-9EC2-4372BED5FAF2}.Release|x64.Build.0 = Release|x64
		{F8752E97-C26B-4949-9EC2-4372BED5FAF2}.Release|x86.ActiveCfg = Release|Win32
		{F8752E97-C26B-4949-9EC2-4372BED5FAF2}.Release|x86.Build.0 = Release|Win32
	EndGlobalSection
	GlobalSection(SolutionProperties) = preSolution
		HideSolutionNode = FALSE
	EndGlobalSection
	GlobalSection(ExtensibilityGlobals) = postSolution
		SolutionGuid = {D913D295-D382-42FE-B57D-F2BE60BB0A1E}
	EndGlobalSection
EndGlobal
